
Microsoft Visual Studio Solution File, Format Version 12.00
# Visual Studio Version 17
VisualStudioVersion = 17.12.35527.113
MinimumVisualStudioVersion = 10.0.40219.1
Project("{FAE04EC0-301F-11D3-BF4B-00C04F79EFBC}") = "BubbleSort", "ArraySortings\BubbleSort.csproj", "{39907D63-AAB2-4BE2-880C-321007611694}"
EndProject
Project("{FAE04EC0-301F-11D3-BF4B-00C04F79EFBC}") = "ShellSort", "SelectionSort\ShellSort.csproj", "{93CCA466-BF29-4187-A8FC-5AEE727ED0CF}"
EndProject
Project("{FAE04EC0-301F-11D3-BF4B-00C04F79EFBC}") = "InsertionSort", "InsertionSort\InsertionSort.csproj", "{7E20CBE1-AC77-4A9D-AAD7-AC06D2D740CF}"
EndProject
Project("{FAE04EC0-301F-11D3-BF4B-00C04F79EFBC}") = "SharedFunctions", "SharedFunctions\SharedFunctions.csproj", "{C19F6E32-288F-409D-9A9D-2C76DF40351B}"
EndProject
Project("{FAE04EC0-301F-11D3-BF4B-00C04F79EFBC}") = "SelectSort", "SelectSort\SelectSort.csproj", "{1BE38D79-9BEC-4562-B9FD-D16026E4410B}"
EndProject
Global
	GlobalSection(SolutionConfigurationPlatforms) = preSolution
		Debug|Any CPU = Debug|Any CPU
		Release|Any CPU = Release|Any CPU
	EndGlobalSection
	GlobalSection(ProjectConfigurationPlatforms) = postSolution
		{39907D63-AAB2-4BE2-880C-321007611694}.Debug|Any CPU.ActiveCfg = Debug|Any CPU
		{39907D63-AAB2-4BE2-880C-321007611694}.Debug|Any CPU.Build.0 = Debug|Any CPU
		{39907D63-AAB2-4BE2-880C-321007611694}.Release|Any CPU.ActiveCfg = Release|Any CPU
		{39907D63-AAB2-4BE2-880C-321007611694}.Release|Any CPU.Build.0 = Release|Any CPU
		{93CCA466-BF29-4187-A8FC-5AEE727ED0CF}.Debug|Any CPU.ActiveCfg = Debug|Any CPU
		{93CCA466-BF29-4187-A8FC-5AEE727ED0CF}.Debug|Any CPU.Build.0 = Debug|Any CPU
		{93CCA466-BF29-4187-A8FC-5AEE727ED0CF}.Release|Any CPU.ActiveCfg = Release|Any CPU
		{93CCA466-BF29-4187-A8FC-5AEE727ED0CF}.Release|Any CPU.Build.0 = Release|Any CPU
		{7E20CBE1-AC77-4A9D-AAD7-AC06D2D740CF}.Debug|Any CPU.ActiveCfg = Debug|Any CPU
		{7E20CBE1-AC77-4A9D-AAD7-AC06D2D740CF}.Debug|Any CPU.Build.0 = Debug|Any CPU
		{7E20CBE1-AC77-4A9D-AAD7-AC06D2D740CF}.Release|Any CPU.ActiveCfg = Release|Any CPU
		{7E20CBE1-AC77-4A9D-AAD7-AC06D2D740CF}.Release|Any CPU.Build.0 = Release|Any CPU
		{C19F6E32-288F-409D-9A9D-2C76DF40351B}.Debug|Any CPU.ActiveCfg = Debug|Any CPU
		{C19F6E32-288F-409D-9A9D-2C76DF40351B}.Debug|Any CPU.Build.0 = Debug|Any CPU
		{C19F6E32-288F-409D-9A9D-2C76DF40351B}.Release|Any CPU.ActiveCfg = Release|Any CPU
		{C19F6E32-288F-409D-9A9D-2C76DF40351B}.Release|Any CPU.Build.0 = Release|Any CPU
		{1BE38D79-9BEC-4562-B9FD-D16026E4410B}.Debug|Any CPU.ActiveCfg = Debug|Any CPU
		{1BE38D79-9BEC-4562-B9FD-D16026E4410B}.Debug|Any CPU.Build.0 = Debug|Any CPU
		{1BE38D79-9BEC-4562-B9FD-D16026E4410B}.Release|Any CPU.ActiveCfg = Release|Any CPU
		{1BE38D79-9BEC-4562-B9FD-D16026E4410B}.Release|Any CPU.Build.0 = Release|Any CPU
	EndGlobalSection
	GlobalSection(SolutionProperties) = preSolution
		HideSolutionNode = FALSE
	EndGlobalSection
EndGlobal
